
Microsoft Visual Studio Solution File, Format Version 12.00
# Visual Studio 2012
Project("{FAE04EC0-301F-11D3-BF4B-00C04F79EFBC}") = "SolutionName.Core", "src\SolutionName.Core\SolutionName.Core.csproj", "{81B4D068-96A0-439F-B323-10811E08435C}"
EndProject
Project("{FAE04EC0-301F-11D3-BF4B-00C04F79EFBC}") = "SolutionName.Core.Tests", "test\SolutionName.Core.Tests\SolutionName.Core.Tests.csproj", "{5EEC2953-769B-4057-950A-6A644A0EF5AA}"
EndProject
Project("{2150E333-8FDC-42A3-9474-1A3956D46DE8}") = ".nuget", ".nuget", "{62B38D39-A126-4577-801F-E5F3DD7A3822}"
	ProjectSection(SolutionItems) = preProject
		.nuget\packages.config = .nuget\packages.config
	EndProjectSection
EndProject
Global
	GlobalSection(SolutionConfigurationPlatforms) = preSolution
		Debug|Any CPU = Debug|Any CPU
		Release|Any CPU = Release|Any CPU
	EndGlobalSection
	GlobalSection(ProjectConfigurationPlatforms) = postSolution
		{81B4D068-96A0-439F-B323-10811E08435C}.Debug|Any CPU.ActiveCfg = Debug|Any CPU
		{81B4D068-96A0-439F-B323-10811E08435C}.Debug|Any CPU.Build.0 = Debug|Any CPU
		{81B4D068-96A0-439F-B323-10811E08435C}.Release|Any CPU.ActiveCfg = Release|Any CPU
		{81B4D068-96A0-439F-B323-10811E08435C}.Release|Any CPU.Build.0 = Release|Any CPU
		{5EEC2953-769B-4057-950A-6A644A0EF5AA}.Debug|Any CPU.ActiveCfg = Debug|Any CPU
		{5EEC2953-769B-4057-950A-6A644A0EF5AA}.Debug|Any CPU.Build.0 = Debug|Any CPU
		{5EEC2953-769B-4057-950A-6A644A0EF5AA}.Release|Any CPU.ActiveCfg = Release|Any CPU
		{5EEC2953-769B-4057-950A-6A644A0EF5AA}.Release|Any CPU.Build.0 = Release|Any CPU
	EndGlobalSection
	GlobalSection(SolutionProperties) = preSolution
		HideSolutionNode = FALSE
	EndGlobalSection
EndGlobal
